
Microsoft Visual Studio Solution File, Format Version 12.00
# Visual Studio Version 16
VisualStudioVersion = 16.0.31321.278
MinimumVisualStudioVersion = 10.0.40219.1
Project("{9A19103F-16F7-4668-BE54-9A1E7A4F7556}") = "ClassIntro", "ClassIntro.csproj", "{D2F397FB-1C78-4B25-8A27-98088A4F80EC}"
EndProject
Project("{FAE04EC0-301F-11D3-BF4B-00C04F79EFBC}") = "Metotlar", "..\Metotlar\Metotlar.csproj", "{A353C1B7-207A-4C4C-A5E0-0EBFCA9DB51D}"
EndProject
Project("{FAE04EC0-301F-11D3-BF4B-00C04F79EFBC}") = "Matematik", "..\Matematik\Matematik.csproj", "{975813DE-6B5C-4E56-B19D-EEB2DB876DF3}"
EndProject
Project("{FAE04EC0-301F-11D3-BF4B-00C04F79EFBC}") = "DegerVeReferansTipler", "..\DegerVeReferansTipler\DegerVeReferansTipler.csproj", "{D5889C9D-C935-490A-9122-FC7DF1F76366}"
EndProject
Global
	GlobalSection(SolutionConfigurationPlatforms) = preSolution
		Debug|Any CPU = Debug|Any CPU
		Release|Any CPU = Release|Any CPU
	EndGlobalSection
	GlobalSection(ProjectConfigurationPlatforms) = postSolution
		{D2F397FB-1C78-4B25-8A27-98088A4F80EC}.Debug|Any CPU.ActiveCfg = Debug|Any CPU
		{D2F397FB-1C78-4B25-8A27-98088A4F80EC}.Debug|Any CPU.Build.0 = Debug|Any CPU
		{D2F397FB-1C78-4B25-8A27-98088A4F80EC}.Release|Any CPU.ActiveCfg = Release|Any CPU
		{D2F397FB-1C78-4B25-8A27-98088A4F80EC}.Release|Any CPU.Build.0 = Release|Any CPU
		{A353C1B7-207A-4C4C-A5E0-0EBFCA9DB51D}.Debug|Any CPU.ActiveCfg = Debug|Any CPU
		{A353C1B7-207A-4C4C-A5E0-0EBFCA9DB51D}.Debug|Any CPU.Build.0 = Debug|Any CPU
		{A353C1B7-207A-4C4C-A5E0-0EBFCA9DB51D}.Release|Any CPU.ActiveCfg = Release|Any CPU
		{A353C1B7-207A-4C4C-A5E0-0EBFCA9DB51D}.Release|Any CPU.Build.0 = Release|Any CPU
		{975813DE-6B5C-4E56-B19D-EEB2DB876DF3}.Debug|Any CPU.ActiveCfg = Debug|Any CPU
		{975813DE-6B5C-4E56-B19D-EEB2DB876DF3}.Debug|Any CPU.Build.0 = Debug|Any CPU
		{975813DE-6B5C-4E56-B19D-EEB2DB876DF3}.Release|Any CPU.ActiveCfg = Release|Any CPU
		{975813DE-6B5C-4E56-B19D-EEB2DB876DF3}.Release|Any CPU.Build.0 = Release|Any CPU
		{D5889C9D-C935-490A-9122-FC7DF1F76366}.Debug|Any CPU.ActiveCfg = Debug|Any CPU
		{D5889C9D-C935-490A-9122-FC7DF1F76366}.Debug|Any CPU.Build.0 = Debug|Any CPU
		{D5889C9D-C935-490A-9122-FC7DF1F76366}.Release|Any CPU.ActiveCfg = Release|Any CPU
		{D5889C9D-C935-490A-9122-FC7DF1F76366}.Release|Any CPU.Build.0 = Release|Any CPU
	EndGlobalSection
	GlobalSection(SolutionProperties) = preSolution
		HideSolutionNode = FALSE
	EndGlobalSection
	GlobalSection(ExtensibilityGlobals) = postSolution
		SolutionGuid = {55948B82-882D-4516-8925-3392D883C563}
	EndGlobalSection
EndGlobal
